
Microsoft Visual Studio Solution File, Format Version 12.00
# Visual Studio Version 17
VisualStudioVersion = 17.4.33122.133
MinimumVisualStudioVersion = 10.0.40219.1
Project("{8BC9CEB8-8B4A-11D0-8D11-00A0C91BC942}") = "opencv", "opencv.vcxproj", "{F22912EF-7035-4BAC-A28C-F76E9B6CF825}"
EndProject
Project("{8BC9CEB8-8B4A-11D0-8D11-00A0C91BC942}") = "OpencvBasic", "..\OpencvBasic\OpencvBasic.vcxproj", "{A3D61768-8548-4D73-94A9-42F10CB96CB5}"
EndProject
Project("{8BC9CEB8-8B4A-11D0-8D11-00A0C91BC942}") = "OpenCVIDCardNumber", "..\OpenCVIDCardNumber\OpenCVIDCardNumber.vcxproj", "{C914FFF8-512B-44EC-85D4-C52ACB966C0E}"
EndProject
Global
	GlobalSection(SolutionConfigurationPlatforms) = preSolution
		Debug|x64 = Debug|x64
		Debug|x86 = Debug|x86
		Release|x64 = Release|x64
		Release|x86 = Release|x86
	EndGlobalSection
	GlobalSection(ProjectConfigurationPlatforms) = postSolution
		{F22912EF-7035-4BAC-A28C-F76E9B6CF825}.Debug|x64.ActiveCfg = Debug|x64
		{F22912EF-7035-4BAC-A28C-F76E9B6CF825}.Debug|x64.Build.0 = Debug|x64
		{F22912EF-7035-4BAC-A28C-F76E9B6CF825}.Debug|x86.ActiveCfg = Debug|Win32
		{F22912EF-7035-4BAC-A28C-F76E9B6CF825}.Debug|x86.Build.0 = Debug|Win32
		{F22912EF-7035-4BAC-A28C-F76E9B6CF825}.Release|x64.ActiveCfg = Release|x64
		{F22912EF-7035-4BAC-A28C-F76E9B6CF825}.Release|x64.Build.0 = Release|x64
		{F22912EF-7035-4BAC-A28C-F76E9B6CF825}.Release|x86.ActiveCfg = Release|Win32
		{F22912EF-7035-4BAC-A28C-F76E9B6CF825}.Release|x86.Build.0 = Release|Win32
		{A3D61768-8548-4D73-94A9-42F10CB96CB5}.Debug|x64.ActiveCfg = Debug|x64
		{A3D61768-8548-4D73-94A9-42F10CB96CB5}.Debug|x64.Build.0 = Debug|x64
		{A3D61768-8548-4D73-94A9-42F10CB96CB5}.Debug|x86.ActiveCfg = Debug|Win32
		{A3D61768-8548-4D73-94A9-42F10CB96CB5}.Debug|x86.Build.0 = Debug|Win32
		{A3D61768-8548-4D73-94A9-42F10CB96CB5}.Release|x64.ActiveCfg = Release|x64
		{A3D61768-8548-4D73-94A9-42F10CB96CB5}.Release|x64.Build.0 = Release|x64
		{A3D61768-8548-4D73-94A9-42F10CB96CB5}.Release|x86.ActiveCfg = Release|Win32
		{A3D61768-8548-4D73-94A9-42F10CB96CB5}.Release|x86.Build.0 = Release|Win32
		{C914FFF8-512B-44EC-85D4-C52ACB966C0E}.Debug|x64.ActiveCfg = Debug|x64
		{C914FFF8-512B-44EC-85D4-C52ACB966C0E}.Debug|x64.Build.0 = Debug|x64
		{C914FFF8-512B-44EC-85D4-C52ACB966C0E}.Debug|x86.ActiveCfg = Debug|Win32
		{C914FFF8-512B-44EC-85D4-C52ACB966C0E}.Debug|x86.Build.0 = Debug|Win32
		{C914FFF8-512B-44EC-85D4-C52ACB966C0E}.Release|x64.ActiveCfg = Release|x64
		{C914FFF8-512B-44EC-85D4-C52ACB966C0E}.Release|x64.Build.0 = Release|x64
		{C914FFF8-512B-44EC-85D4-C52ACB966C0E}.Release|x86.ActiveCfg = Release|Win32
		{C914FFF8-512B-44EC-85D4-C52ACB966C0E}.Release|x86.Build.0 = Release|Win32
	EndGlobalSection
	GlobalSection(SolutionProperties) = preSolution
		HideSolutionNode = FALSE
	EndGlobalSection
	GlobalSection(ExtensibilityGlobals) = postSolution
		SolutionGuid = {0ED5FFC0-1376-45A6-8D20-8C59C3D03D10}
	EndGlobalSection
EndGlobal
